{
  "nodes": {
    "nixCats": {
      "locked": {
        "lastModified": 1755682314,
        "narHash": "sha256-+5PuIwbZ6RhNMnMA8IcJ3N+9Uf1SMG0BCKwFYCNrgwg=",
        "owner": "BirdeeHub",
        "repo": "nixCats-nvim",
        "rev": "4aba85cb311cb93748e429307c52235d875b0845",
        "type": "github"
      },
      "original": {
        "owner": "BirdeeHub",
        "repo": "nixCats-nvim",
        "type": "github"
      }
    },
    "nixpkgs": {
      "locked": {
        "lastModified": 1755577059,
        "narHash": "sha256-5hYhxIpco8xR+IpP3uU56+4+Bw7mf7EMyxS/HqUYHQY=",
        "owner": "nixos",
        "repo": "nixpkgs",
        "rev": "97eb7ee0da337d385ab015a23e15022c865be75c",
        "type": "github"
      },
      "original": {
        "owner": "nixos",
        "ref": "nixpkgs-unstable",
        "repo": "nixpkgs",
        "type": "github"
      }
    },
    "root": {
      "inputs": {
        "nixCats": "nixCats",
        "nixpkgs": "nixpkgs"
      }
    }
  },
  "root": "root",
  "version": 7
}
